
Microsoft Visual Studio Solution File, Format Version 12.00
# Visual Studio Version 16
VisualStudioVersion = 16.0.31624.102
MinimumVisualStudioVersion = 10.0.40219.1
Project("{FAE04EC0-301F-11D3-BF4B-00C04F79EFBC}") = "TestGUIApp", "TestGUIApp\TestGUIApp.csproj", "{B7515669-2742-418B-B475-C264938FE4F3}"
EndProject
Global
	GlobalSection(SolutionConfigurationPlatforms) = preSolution
		Debug|Any CPU = Debug|Any CPU
		Release|Any CPU = Release|Any CPU
	EndGlobalSection
	GlobalSection(ProjectConfigurationPlatforms) = postSolution
		{B7515669-2742-418B-B475-C264938FE4F3}.Debug|Any CPU.ActiveCfg = Debug|Any CPU
		{B7515669-2742-418B-B475-C264938FE4F3}.Debug|Any CPU.Build.0 = Debug|Any CPU
		{B7515669-2742-418B-B475-C264938FE4F3}.Release|Any CPU.ActiveCfg = Release|Any CPU
		{B7515669-2742-418B-B475-C264938FE4F3}.Release|Any CPU.Build.0 = Release|Any CPU
	EndGlobalSection
	GlobalSection(SolutionProperties) = preSolution
		HideSolutionNode = FALSE
	EndGlobalSection
	GlobalSection(ExtensibilityGlobals) = postSolution
		SolutionGuid = {5EAD34E1-EF63-4C53-85A3-F7EF83EB12EA}
	EndGlobalSection
EndGlobal
